
Microsoft Visual Studio Solution File, Format Version 12.00
# Visual Studio Version 16
VisualStudioVersion = 16.0.30114.105
MinimumVisualStudioVersion = 10.0.40219.1
Project("{FAE04EC0-301F-11D3-BF4B-00C04F79EFBC}") = "Startup.Android", "Startup\Startup.Android\Startup.Android.csproj", "{5F777092-52A3-4E14-8276-93E1C21F0447}"
EndProject
Project("{FAE04EC0-301F-11D3-BF4B-00C04F79EFBC}") = "Startup.Web", "Startup\Startup.Web\Startup.Web.csproj", "{21906FD0-FDFC-42BE-9B79-87E9E345BED9}"
EndProject
Project("{FAE04EC0-301F-11D3-BF4B-00C04F79EFBC}") = "Startup", "Startup\Startup\Startup.csproj", "{6B9E9668-5484-4E73-A603-38FFCA38806A}"
EndProject
Global
	GlobalSection(SolutionConfigurationPlatforms) = preSolution
		Debug|Any CPU = Debug|Any CPU
		Release|Any CPU = Release|Any CPU
	EndGlobalSection
	GlobalSection(ProjectConfigurationPlatforms) = postSolution
		{5F777092-52A3-4E14-8276-93E1C21F0447}.Debug|Any CPU.ActiveCfg = Debug|Any CPU
		{5F777092-52A3-4E14-8276-93E1C21F0447}.Debug|Any CPU.Build.0 = Debug|Any CPU
		{5F777092-52A3-4E14-8276-93E1C21F0447}.Debug|Any CPU.Deploy.0 = Debug|Any CPU
		{5F777092-52A3-4E14-8276-93E1C21F0447}.Release|Any CPU.ActiveCfg = Release|Any CPU
		{5F777092-52A3-4E14-8276-93E1C21F0447}.Release|Any CPU.Build.0 = Release|Any CPU
		{5F777092-52A3-4E14-8276-93E1C21F0447}.Release|Any CPU.Deploy.0 = Release|Any CPU
		{21906FD0-FDFC-42BE-9B79-87E9E345BED9}.Debug|Any CPU.ActiveCfg = Debug|Any CPU
		{21906FD0-FDFC-42BE-9B79-87E9E345BED9}.Debug|Any CPU.Build.0 = Debug|Any CPU
		{21906FD0-FDFC-42BE-9B79-87E9E345BED9}.Debug|Any CPU.Deploy.0 = Debug|Any CPU
		{21906FD0-FDFC-42BE-9B79-87E9E345BED9}.Release|Any CPU.ActiveCfg = Release|Any CPU
		{21906FD0-FDFC-42BE-9B79-87E9E345BED9}.Release|Any CPU.Build.0 = Release|Any CPU
		{21906FD0-FDFC-42BE-9B79-87E9E345BED9}.Release|Any CPU.Deploy.0 = Release|Any CPU
		{6B9E9668-5484-4E73-A603-38FFCA38806A}.Debug|Any CPU.ActiveCfg = Debug|Any CPU
		{6B9E9668-5484-4E73-A603-38FFCA38806A}.Debug|Any CPU.Build.0 = Debug|Any CPU
		{6B9E9668-5484-4E73-A603-38FFCA38806A}.Debug|Any CPU.Deploy.0 = Debug|Any CPU
		{6B9E9668-5484-4E73-A603-38FFCA38806A}.Release|Any CPU.ActiveCfg = Release|Any CPU
		{6B9E9668-5484-4E73-A603-38FFCA38806A}.Release|Any CPU.Build.0 = Release|Any CPU
		{6B9E9668-5484-4E73-A603-38FFCA38806A}.Release|Any CPU.Deploy.0 = Release|Any CPU
	EndGlobalSection
	GlobalSection(SolutionProperties) = preSolution
		HideSolutionNode = FALSE
	EndGlobalSection
	GlobalSection(ExtensibilityGlobals) = postSolution
		SolutionGuid = {9B9EA9D5-59EB-4528-83F0-99337FEFC80E}
	EndGlobalSection
EndGlobal
